schema: '2.0'
stages:

  download:
    cmd: bash stages/1_download.sh
    deps:
    - path: download/toxvaldb.html
      hash: md5
      md5: f0ba239af2fc071aab367bb5ad526b2f
      size: 1520
    - path: stages/1_download.sh
      hash: md5
      md5: 41bb3c81d1fb318161f67b39e2c8626c
      size: 393
    outs:
    - path: download/toxvaldb
      hash: md5
      md5: 081ea98a3a46dd974d99c2d1f269b893.dir
      size: 1059891693
      nfiles: 7
  simplehash:
    cmd: bash stages/0_invalidate.sh
    outs:
    - path: download/toxvaldb.html
      hash: md5
      md5: f0ba239af2fc071aab367bb5ad526b2f
      size: 1520
  process:
    cmd: Rscript stages/2_process.R
    deps:
    - path: download/toxvaldb
      hash: md5
      md5: 081ea98a3a46dd974d99c2d1f269b893.dir
      size: 1059891693
      nfiles: 7
    outs:
    - path: brick/toxvaldb.parquet
      hash: md5
      md5: 4ccb21ef9be803c4d74a39832005af5b
      size: 138182393
