schema: '2.0'
stages:
  1-stage:
    cmd: Rscript stages/01-stage.R
    deps:
    - path: stages/01-stage.R
      md5: c468dc14527e00c339f146e1dba2bd3b
      size: 118
    outs:
    - path: data/mtcars.parquet
      md5: 77cf29accf9535522fad7db1486eff9a
      size: 6243
  download:
    cmd: bash stages/1_download.sh
    deps:
    - path: download/simplehash.txt
      md5: 8d56f44ff7f711e9ea8c736738ba07b7
      size: 290
    outs:
    - path: download/toxvaldb
      md5: f08824210f4443604fe52ef916cfa192.dir
      size: 1059885613
      nfiles: 3
  simplehash:
    cmd: bash stages/0_invalidate.sh
    outs:
    - path: download/simplehash.txt
      md5: 8d56f44ff7f711e9ea8c736738ba07b7
      size: 290
  process:
    cmd: Rscript stages/2_process.R
    deps:
    - path: download/toxvaldb
      md5: f08824210f4443604fe52ef916cfa192.dir
      size: 1059885613
      nfiles: 3
    outs:
    - path: brick/toxvaldb.parquet
      md5: 4ba98786706d2d62849c9b207457c453
      size: 138182413
